
Microsoft Visual Studio Solution File, Format Version 12.00
# Visual Studio 15
Project("{FAE04EC0-301F-11D3-BF4B-00C04F79EFBC}") = "FirstDemo", "Hello_Mac\FirstDemo.csproj", "{B40CCB20-5EBE-4DBF-A71F-D5A24E92548B}"
EndProject
Global
	GlobalSection(SolutionConfigurationPlatforms) = preSolution
		Debug|Any CPU = Debug|Any CPU
		Release|Any CPU = Release|Any CPU
	EndGlobalSection
	GlobalSection(ProjectConfigurationPlatforms) = postSolution
		{B40CCB20-5EBE-4DBF-A71F-D5A24E92548B}.Debug|Any CPU.ActiveCfg = Debug|Any CPU
		{B40CCB20-5EBE-4DBF-A71F-D5A24E92548B}.Debug|Any CPU.Build.0 = Debug|Any CPU
		{B40CCB20-5EBE-4DBF-A71F-D5A24E92548B}.Release|Any CPU.ActiveCfg = Release|Any CPU
		{B40CCB20-5EBE-4DBF-A71F-D5A24E92548B}.Release|Any CPU.Build.0 = Release|Any CPU
	EndGlobalSection
EndGlobal
